{
  "object": {
    "pins": [
      {
        "package": "DifferenceKit",
        "repositoryURL": "https://github.com/ra1028/DifferenceKit.git",
        "state": {
          "branch": null,
          "revision": "14c66681e12a38b81045f44c6c29724a0d4b0e72",
          "version": "1.1.5"
        }
      },
      {
        "package": "LBTATools",
        "repositoryURL": "https://github.com/bhlvoong/LBTATools.git",
        "state": {
          "branch": null,
          "revision": "dce147bfbdc0417a4b430ec220c088629e9dc81d",
          "version": "1.0.17"
        }
      }
    ]
  },
  "version": 1
}
