// !$*UTF8*$!
{
	archiveVersion = 1;
	classes = {
	};
	objectVersion = 52;
	objects = {

/* Begin PBXBuildFile section */
		4A437AAC2407EDC200659F02 /* AppDelegate.swift in Sources */ = {isa = PBXBuildFile; fileRef = 4A437AAB2407EDC200659F02 /* AppDelegate.swift */; };
		4A437AB52407EDC600659F02 /* Assets.xcassets in Resources */ = {isa = PBXBuildFile; fileRef = 4A437AB42407EDC600659F02 /* Assets.xcassets */; };
		4A437AB82407EDC600659F02 /* LaunchScreen.storyboard in Resources */ = {isa = PBXBuildFile; fileRef = 4A437AB62407EDC600659F02 /* LaunchScreen.storyboard */; };
		4A437AC12407EF4F00659F02 /* LBTATools in Frameworks */ = {isa = PBXBuildFile; productRef = 4A437AC02407EF4F00659F02 /* LBTATools */; };
		4A437AC42407FB3200659F02 /* MembersController.swift in Sources */ = {isa = PBXBuildFile; fileRef = 4A437AC32407FB3200659F02 /* MembersController.swift */; };
		4A437ACB2408040400659F02 /* HSIAIcon.swift in Sources */ = {isa = PBXBuildFile; fileRef = 4A437ACA2408040400659F02 /* HSIAIcon.swift */; };
		4A437ACE240804D700659F02 /* HSIAColor.swift in Sources */ = {isa = PBXBuildFile; fileRef = 4A437ACD240804D700659F02 /* HSIAColor.swift */; };
		4A437AD0240804E200659F02 /* StringExtension.swift in Sources */ = {isa = PBXBuildFile; fileRef = 4A437ACF240804E200659F02 /* StringExtension.swift */; };
		4A7555F9240AAF9200620023 /* DifferenceKit in Frameworks */ = {isa = PBXBuildFile; productRef = 4A7555F8240AAF9200620023 /* DifferenceKit */; };
		4A7555FE240AC05F00620023 /* HSIACDModel.xcdatamodeld in Sources */ = {isa = PBXBuildFile; fileRef = 4A7555FC240AC05F00620023 /* HSIACDModel.xcdatamodeld */; };
		4ABC7AA824080B0F00972675 /* HSIALabel.swift in Sources */ = {isa = PBXBuildFile; fileRef = 4ABC7AA724080B0F00972675 /* HSIALabel.swift */; };
		4ABC7AAA24080C9400972675 /* AttributedString.swift in Sources */ = {isa = PBXBuildFile; fileRef = 4ABC7AA924080C9400972675 /* AttributedString.swift */; };
		4ABC7AAC24080D3D00972675 /* HSIAImageView.swift in Sources */ = {isa = PBXBuildFile; fileRef = 4ABC7AAB24080D3D00972675 /* HSIAImageView.swift */; };
		4ABC7AAE24080EB500972675 /* LBTAToolsExtension.swift in Sources */ = {isa = PBXBuildFile; fileRef = 4ABC7AAD24080EB500972675 /* LBTAToolsExtension.swift */; };
		4ABC7AB02408123F00972675 /* HSIAButtonRectangle.swift in Sources */ = {isa = PBXBuildFile; fileRef = 4ABC7AAF2408123F00972675 /* HSIAButtonRectangle.swift */; };
		4ABC7AB22408124700972675 /* HSIAButtonCircle.swift in Sources */ = {isa = PBXBuildFile; fileRef = 4ABC7AB12408124700972675 /* HSIAButtonCircle.swift */; };
		4ABC7AB42408125600972675 /* HSIATextField.swift in Sources */ = {isa = PBXBuildFile; fileRef = 4ABC7AB32408125600972675 /* HSIATextField.swift */; };
		4ABC7AB62408127600972675 /* HSIATableViewHeader.swift in Sources */ = {isa = PBXBuildFile; fileRef = 4ABC7AB52408127600972675 /* HSIATableViewHeader.swift */; };
		4ABC7AB82408128500972675 /* HSIATableViewRowMedium.swift in Sources */ = {isa = PBXBuildFile; fileRef = 4ABC7AB72408128500972675 /* HSIATableViewRowMedium.swift */; };
		4ABC7ABA2408128F00972675 /* HSIATableViewRowLarge.swift in Sources */ = {isa = PBXBuildFile; fileRef = 4ABC7AB92408128F00972675 /* HSIATableViewRowLarge.swift */; };
		4ABC7ABC2408129700972675 /* HSIATableViewRowImageSelect.swift in Sources */ = {isa = PBXBuildFile; fileRef = 4ABC7ABB2408129700972675 /* HSIATableViewRowImageSelect.swift */; };
		4ABC7ABE2408211B00972675 /* CustomTextField.swift in Sources */ = {isa = PBXBuildFile; fileRef = 4ABC7ABD2408211B00972675 /* CustomTextField.swift */; };
		4ABC7AC0240822E400972675 /* Sizing.swift in Sources */ = {isa = PBXBuildFile; fileRef = 4ABC7ABF240822E400972675 /* Sizing.swift */; };
		4ABC7AC22408764B00972675 /* HSIALayerTableViewAndTextField.swift in Sources */ = {isa = PBXBuildFile; fileRef = 4ABC7AC12408764B00972675 /* HSIALayerTableViewAndTextField.swift */; };
		4ABC7AC4240889FD00972675 /* HSIALayerButtons.swift in Sources */ = {isa = PBXBuildFile; fileRef = 4ABC7AC3240889FD00972675 /* HSIALayerButtons.swift */; };
		4ABC7AC624088D6300972675 /* MainController.swift in Sources */ = {isa = PBXBuildFile; fileRef = 4ABC7AC524088D6300972675 /* MainController.swift */; };
		4ABC7AC824088EAD00972675 /* DetailController.swift in Sources */ = {isa = PBXBuildFile; fileRef = 4ABC7AC724088EAD00972675 /* DetailController.swift */; };
		4ACFB91624098BBA00092CFC /* HipoModel.swift in Sources */ = {isa = PBXBuildFile; fileRef = 4ACFB91524098BBA00092CFC /* HipoModel.swift */; };
		4ACFB91824098C2E00092CFC /* hipo.json in Resources */ = {isa = PBXBuildFile; fileRef = 4ACFB91724098C2E00092CFC /* hipo.json */; };
		4ACFB91A2409953A00092CFC /* CustomAlertController.swift in Sources */ = {isa = PBXBuildFile; fileRef = 4ACFB9192409953A00092CFC /* CustomAlertController.swift */; };
		4ACFB91C2409B51200092CFC /* MemberDetailController.swift in Sources */ = {isa = PBXBuildFile; fileRef = 4ACFB91B2409B51200092CFC /* MemberDetailController.swift */; };
		4ACFB9202409B8FB00092CFC /* MembersHeader.swift in Sources */ = {isa = PBXBuildFile; fileRef = 4ACFB91F2409B8FB00092CFC /* MembersHeader.swift */; };
		4ACFB9222409B90300092CFC /* MembersCell.swift in Sources */ = {isa = PBXBuildFile; fileRef = 4ACFB9212409B90300092CFC /* MembersCell.swift */; };
		4ACFB9242409B91100092CFC /* MemberDetailHeader.swift in Sources */ = {isa = PBXBuildFile; fileRef = 4ACFB9232409B91100092CFC /* MemberDetailHeader.swift */; };
		4ACFB9262409B91800092CFC /* MemberDetailTextFieldCell.swift in Sources */ = {isa = PBXBuildFile; fileRef = 4ACFB9252409B91800092CFC /* MemberDetailTextFieldCell.swift */; };
		4ACFB9282409B91E00092CFC /* MemberDetailTableViewCell.swift in Sources */ = {isa = PBXBuildFile; fileRef = 4ACFB9272409B91E00092CFC /* MemberDetailTableViewCell.swift */; };
		4ACFB92A2409DCA700092CFC /* IntExtension.swift in Sources */ = {isa = PBXBuildFile; fileRef = 4ACFB9292409DCA700092CFC /* IntExtension.swift */; };
/* End PBXBuildFile section */

/* Begin PBXFileReference section */
		4A437AA82407EDC200659F02 /* HSIA.app */ = {isa = PBXFileReference; explicitFileType = wrapper.application; includeInIndex = 0; path = HSIA.app; sourceTree = BUILT_PRODUCTS_DIR; };
		4A437AAB2407EDC200659F02 /* AppDelegate.swift */ = {isa = PBXFileReference; lastKnownFileType = sourcecode.swift; path = AppDelegate.swift; sourceTree = "<group>"; };
		4A437AB42407EDC600659F02 /* Assets.xcassets */ = {isa = PBXFileReference; lastKnownFileType = folder.assetcatalog; path = Assets.xcassets; sourceTree = "<group>"; };
		4A437AB72407EDC600659F02 /* Base */ = {isa = PBXFileReference; lastKnownFileType = file.storyboard; name = Base; path = Base.lproj/LaunchScreen.storyboard; sourceTree = "<group>"; };
		4A437AB92407EDC600659F02 /* Info.plist */ = {isa = PBXFileReference; lastKnownFileType = text.plist.xml; path = Info.plist; sourceTree = "<group>"; };
		4A437AC32407FB3200659F02 /* MembersController.swift */ = {isa = PBXFileReference; lastKnownFileType = sourcecode.swift; path = MembersController.swift; sourceTree = "<group>"; };
		4A437ACA2408040400659F02 /* HSIAIcon.swift */ = {isa = PBXFileReference; lastKnownFileType = sourcecode.swift; path = HSIAIcon.swift; sourceTree = "<group>"; };
		4A437ACD240804D700659F02 /* HSIAColor.swift */ = {isa = PBXFileReference; lastKnownFileType = sourcecode.swift; path = HSIAColor.swift; sourceTree = "<group>"; };
		4A437ACF240804E200659F02 /* StringExtension.swift */ = {isa = PBXFileReference; lastKnownFileType = sourcecode.swift; path = StringExtension.swift; sourceTree = "<group>"; };
		4A7555FD240AC05F00620023 /* HSIACDModel.xcdatamodel */ = {isa = PBXFileReference; lastKnownFileType = wrapper.xcdatamodel; path = HSIACDModel.xcdatamodel; sourceTree = "<group>"; };
		4ABC7AA724080B0F00972675 /* HSIALabel.swift */ = {isa = PBXFileReference; lastKnownFileType = sourcecode.swift; path = HSIALabel.swift; sourceTree = "<group>"; };
		4ABC7AA924080C9400972675 /* AttributedString.swift */ = {isa = PBXFileReference; lastKnownFileType = sourcecode.swift; path = AttributedString.swift; sourceTree = "<group>"; };
		4ABC7AAB24080D3D00972675 /* HSIAImageView.swift */ = {isa = PBXFileReference; lastKnownFileType = sourcecode.swift; path = HSIAImageView.swift; sourceTree = "<group>"; };
		4ABC7AAD24080EB500972675 /* LBTAToolsExtension.swift */ = {isa = PBXFileReference; lastKnownFileType = sourcecode.swift; path = LBTAToolsExtension.swift; sourceTree = "<group>"; };
		4ABC7AAF2408123F00972675 /* HSIAButtonRectangle.swift */ = {isa = PBXFileReference; lastKnownFileType = sourcecode.swift; path = HSIAButtonRectangle.swift; sourceTree = "<group>"; };
		4ABC7AB12408124700972675 /* HSIAButtonCircle.swift */ = {isa = PBXFileReference; lastKnownFileType = sourcecode.swift; path = HSIAButtonCircle.swift; sourceTree = "<group>"; };
		4ABC7AB32408125600972675 /* HSIATextField.swift */ = {isa = PBXFileReference; lastKnownFileType = sourcecode.swift; path = HSIATextField.swift; sourceTree = "<group>"; };
		4ABC7AB52408127600972675 /* HSIATableViewHeader.swift */ = {isa = PBXFileReference; lastKnownFileType = sourcecode.swift; path = HSIATableViewHeader.swift; sourceTree = "<group>"; };
		4ABC7AB72408128500972675 /* HSIATableViewRowMedium.swift */ = {isa = PBXFileReference; lastKnownFileType = sourcecode.swift; path = HSIATableViewRowMedium.swift; sourceTree = "<group>"; };
		4ABC7AB92408128F00972675 /* HSIATableViewRowLarge.swift */ = {isa = PBXFileReference; lastKnownFileType = sourcecode.swift; path = HSIATableViewRowLarge.swift; sourceTree = "<group>"; };
		4ABC7ABB2408129700972675 /* HSIATableViewRowImageSelect.swift */ = {isa = PBXFileReference; lastKnownFileType = sourcecode.swift; path = HSIATableViewRowImageSelect.swift; sourceTree = "<group>"; };
		4ABC7ABD2408211B00972675 /* CustomTextField.swift */ = {isa = PBXFileReference; lastKnownFileType = sourcecode.swift; path = CustomTextField.swift; sourceTree = "<group>"; };
		4ABC7ABF240822E400972675 /* Sizing.swift */ = {isa = PBXFileReference; lastKnownFileType = sourcecode.swift; path = Sizing.swift; sourceTree = "<group>"; };
		4ABC7AC12408764B00972675 /* HSIALayerTableViewAndTextField.swift */ = {isa = PBXFileReference; lastKnownFileType = sourcecode.swift; path = HSIALayerTableViewAndTextField.swift; sourceTree = "<group>"; };
		4ABC7AC3240889FD00972675 /* HSIALayerButtons.swift */ = {isa = PBXFileReference; lastKnownFileType = sourcecode.swift; path = HSIALayerButtons.swift; sourceTree = "<group>"; };
		4ABC7AC524088D6300972675 /* MainController.swift */ = {isa = PBXFileReference; lastKnownFileType = sourcecode.swift; path = MainController.swift; sourceTree = "<group>"; };
		4ABC7AC724088EAD00972675 /* DetailController.swift */ = {isa = PBXFileReference; lastKnownFileType = sourcecode.swift; path = DetailController.swift; sourceTree = "<group>"; };
		4ACFB91524098BBA00092CFC /* HipoModel.swift */ = {isa = PBXFileReference; lastKnownFileType = sourcecode.swift; path = HipoModel.swift; sourceTree = "<group>"; };
		4ACFB91724098C2E00092CFC /* hipo.json */ = {isa = PBXFileReference; fileEncoding = 4; lastKnownFileType = text.json; path = hipo.json; sourceTree = "<group>"; };
		4ACFB9192409953A00092CFC /* CustomAlertController.swift */ = {isa = PBXFileReference; lastKnownFileType = sourcecode.swift; path = CustomAlertController.swift; sourceTree = "<group>"; };
		4ACFB91B2409B51200092CFC /* MemberDetailController.swift */ = {isa = PBXFileReference; lastKnownFileType = sourcecode.swift; path = MemberDetailController.swift; sourceTree = "<group>"; };
		4ACFB91F2409B8FB00092CFC /* MembersHeader.swift */ = {isa = PBXFileReference; lastKnownFileType = sourcecode.swift; path = MembersHeader.swift; sourceTree = "<group>"; };
		4ACFB9212409B90300092CFC /* MembersCell.swift */ = {isa = PBXFileReference; lastKnownFileType = sourcecode.swift; path = MembersCell.swift; sourceTree = "<group>"; };
		4ACFB9232409B91100092CFC /* MemberDetailHeader.swift */ = {isa = PBXFileReference; lastKnownFileType = sourcecode.swift; path = MemberDetailHeader.swift; sourceTree = "<group>"; };
		4ACFB9252409B91800092CFC /* MemberDetailTextFieldCell.swift */ = {isa = PBXFileReference; lastKnownFileType = sourcecode.swift; path = MemberDetailTextFieldCell.swift; sourceTree = "<group>"; };
		4ACFB9272409B91E00092CFC /* MemberDetailTableViewCell.swift */ = {isa = PBXFileReference; lastKnownFileType = sourcecode.swift; path = MemberDetailTableViewCell.swift; sourceTree = "<group>"; };
		4ACFB9292409DCA700092CFC /* IntExtension.swift */ = {isa = PBXFileReference; lastKnownFileType = sourcecode.swift; path = IntExtension.swift; sourceTree = "<group>"; };
/* End PBXFileReference section */

/* Begin PBXFrameworksBuildPhase section */
		4A437AA52407EDC200659F02 /* Frameworks */ = {
			isa = PBXFrameworksBuildPhase;
			buildActionMask = 2147483647;
			files = (
				4A7555F9240AAF9200620023 /* DifferenceKit in Frameworks */,
				4A437AC12407EF4F00659F02 /* LBTATools in Frameworks */,
			);
			runOnlyForDeploymentPostprocessing = 0;
		};
/* End PBXFrameworksBuildPhase section */

/* Begin PBXGroup section */
		4A437A9F2407EDC200659F02 = {
			isa = PBXGroup;
			children = (
				4A437AAA2407EDC200659F02 /* HSIA */,
				4A437AA92407EDC200659F02 /* Products */,
			);
			sourceTree = "<group>";
		};
		4A437AA92407EDC200659F02 /* Products */ = {
			isa = PBXGroup;
			children = (
				4A437AA82407EDC200659F02 /* HSIA.app */,
			);
			name = Products;
			sourceTree = "<group>";
		};
		4A437AAA2407EDC200659F02 /* HSIA */ = {
			isa = PBXGroup;
			children = (
				4ACFB91724098C2E00092CFC /* hipo.json */,
				4A437AAB2407EDC200659F02 /* AppDelegate.swift */,
				4A437AC82408037D00659F02 /* Models */,
				4A437AC92408038200659F02 /* Views */,
				4A437AC72408037400659F02 /* Controlllers */,
				4A437ACC2408044E00659F02 /* Helpers */,
				4A437AB42407EDC600659F02 /* Assets.xcassets */,
				4A437AB62407EDC600659F02 /* LaunchScreen.storyboard */,
				4A437AB92407EDC600659F02 /* Info.plist */,
			);
			path = HSIA;
			sourceTree = "<group>";
		};
		4A437AC72408037400659F02 /* Controlllers */ = {
			isa = PBXGroup;
			children = (
				4ABC7AC524088D6300972675 /* MainController.swift */,
				4A437AC32407FB3200659F02 /* MembersController.swift */,
				4ABC7AC724088EAD00972675 /* DetailController.swift */,
				4ACFB91B2409B51200092CFC /* MemberDetailController.swift */,
			);
			path = Controlllers;
			sourceTree = "<group>";
		};
		4A437AC82408037D00659F02 /* Models */ = {
			isa = PBXGroup;
			children = (
				4A7555FC240AC05F00620023 /* HSIACDModel.xcdatamodeld */,
				4ACFB91524098BBA00092CFC /* HipoModel.swift */,
			);
			path = Models;
			sourceTree = "<group>";
		};
		4A437AC92408038200659F02 /* Views */ = {
			isa = PBXGroup;
			children = (
				4ACFB91E2409B8EB00092CFC /* Cells */,
				4ACFB91D2409B8CE00092CFC /* Components */,
			);
			path = Views;
			sourceTree = "<group>";
		};
		4A437ACC2408044E00659F02 /* Helpers */ = {
			isa = PBXGroup;
			children = (
				4ACFB9192409953A00092CFC /* CustomAlertController.swift */,
				4A437ACD240804D700659F02 /* HSIAColor.swift */,
				4A437ACF240804E200659F02 /* StringExtension.swift */,
				4ABC7AA924080C9400972675 /* AttributedString.swift */,
				4ABC7AAD24080EB500972675 /* LBTAToolsExtension.swift */,
				4ABC7ABF240822E400972675 /* Sizing.swift */,
				4ACFB9292409DCA700092CFC /* IntExtension.swift */,
			);
			path = Helpers;
			sourceTree = "<group>";
		};
		4ACFB91D2409B8CE00092CFC /* Components */ = {
			isa = PBXGroup;
			children = (
				4ABC7AA724080B0F00972675 /* HSIALabel.swift */,
				4A437ACA2408040400659F02 /* HSIAIcon.swift */,
				4ABC7AAB24080D3D00972675 /* HSIAImageView.swift */,
				4ABC7AC12408764B00972675 /* HSIALayerTableViewAndTextField.swift */,
				4ABC7AC3240889FD00972675 /* HSIALayerButtons.swift */,
				4ABC7AAF2408123F00972675 /* HSIAButtonRectangle.swift */,
				4ABC7AB12408124700972675 /* HSIAButtonCircle.swift */,
				4ABC7ABD2408211B00972675 /* CustomTextField.swift */,
				4ABC7AB32408125600972675 /* HSIATextField.swift */,
				4ABC7AB52408127600972675 /* HSIATableViewHeader.swift */,
				4ABC7AB72408128500972675 /* HSIATableViewRowMedium.swift */,
				4ABC7AB92408128F00972675 /* HSIATableViewRowLarge.swift */,
				4ABC7ABB2408129700972675 /* HSIATableViewRowImageSelect.swift */,
			);
			path = Components;
			sourceTree = "<group>";
		};
		4ACFB91E2409B8EB00092CFC /* Cells */ = {
			isa = PBXGroup;
			children = (
				4ACFB91F2409B8FB00092CFC /* MembersHeader.swift */,
				4ACFB9212409B90300092CFC /* MembersCell.swift */,
				4ACFB9232409B91100092CFC /* MemberDetailHeader.swift */,
				4ACFB9272409B91E00092CFC /* MemberDetailTableViewCell.swift */,
				4ACFB9252409B91800092CFC /* MemberDetailTextFieldCell.swift */,
			);
			path = Cells;
			sourceTree = "<group>";
		};
/* End PBXGroup section */

/* Begin PBXNativeTarget section */
		4A437AA72407EDC200659F02 /* HSIA */ = {
			isa = PBXNativeTarget;
			buildConfigurationList = 4A437ABC2407EDC600659F02 /* Build configuration list for PBXNativeTarget "HSIA" */;
			buildPhases = (
				4A437AA42407EDC200659F02 /* Sources */,
				4A437AA52407EDC200659F02 /* Frameworks */,
				4A437AA62407EDC200659F02 /* Resources */,
			);
			buildRules = (
			);
			dependencies = (
			);
			name = HSIA;
			packageProductDependencies = (
				4A437AC02407EF4F00659F02 /* LBTATools */,
				4A7555F8240AAF9200620023 /* DifferenceKit */,
			);
			productName = HSIA;
			productReference = 4A437AA82407EDC200659F02 /* HSIA.app */;
			productType = "com.apple.product-type.application";
		};
/* End PBXNativeTarget section */

/* Begin PBXProject section */
		4A437AA02407EDC200659F02 /* Project object */ = {
			isa = PBXProject;
			attributes = {
				LastSwiftUpdateCheck = 1130;
				LastUpgradeCheck = 1130;
				ORGANIZATIONNAME = "Saffet Emin Reisoğlu";
				TargetAttributes = {
					4A437AA72407EDC200659F02 = {
						CreatedOnToolsVersion = 11.3.1;
					};
				};
			};
			buildConfigurationList = 4A437AA32407EDC200659F02 /* Build configuration list for PBXProject "HSIA" */;
			compatibilityVersion = "Xcode 9.3";
			developmentRegion = en;
			hasScannedForEncodings = 0;
			knownRegions = (
				en,
				Base,
			);
			mainGroup = 4A437A9F2407EDC200659F02;
			packageReferences = (
				4A437ABF2407EF4F00659F02 /* XCRemoteSwiftPackageReference "LBTATools" */,
				4A7555F7240AAF9200620023 /* XCRemoteSwiftPackageReference "DifferenceKit" */,
			);
			productRefGroup = 4A437AA92407EDC200659F02 /* Products */;
			projectDirPath = "";
			projectRoot = "";
			targets = (
				4A437AA72407EDC200659F02 /* HSIA */,
			);
		};
/* End PBXProject section */

/* Begin PBXResourcesBuildPhase section */
		4A437AA62407EDC200659F02 /* Resources */ = {
			isa = PBXResourcesBuildPhase;
			buildActionMask = 2147483647;
			files = (
				4A437AB82407EDC600659F02 /* LaunchScreen.storyboard in Resources */,
				4ACFB91824098C2E00092CFC /* hipo.json in Resources */,
				4A437AB52407EDC600659F02 /* Assets.xcassets in Resources */,
			);
			runOnlyForDeploymentPostprocessing = 0;
		};
/* End PBXResourcesBuildPhase section */

/* Begin PBXSourcesBuildPhase section */
		4A437AA42407EDC200659F02 /* Sources */ = {
			isa = PBXSourcesBuildPhase;
			buildActionMask = 2147483647;
			files = (
				4ACFB9202409B8FB00092CFC /* MembersHeader.swift in Sources */,
				4ABC7AAA24080C9400972675 /* AttributedString.swift in Sources */,
				4ACFB91C2409B51200092CFC /* MemberDetailController.swift in Sources */,
				4ABC7AC624088D6300972675 /* MainController.swift in Sources */,
				4ABC7AC824088EAD00972675 /* DetailController.swift in Sources */,
				4ACFB92A2409DCA700092CFC /* IntExtension.swift in Sources */,
				4ABC7ABA2408128F00972675 /* HSIATableViewRowLarge.swift in Sources */,
				4ABC7AAC24080D3D00972675 /* HSIAImageView.swift in Sources */,
				4A437AC42407FB3200659F02 /* MembersController.swift in Sources */,
				4ABC7AB22408124700972675 /* HSIAButtonCircle.swift in Sources */,
				4ABC7AB82408128500972675 /* HSIATableViewRowMedium.swift in Sources */,
				4ABC7ABC2408129700972675 /* HSIATableViewRowImageSelect.swift in Sources */,
				4ABC7AAE24080EB500972675 /* LBTAToolsExtension.swift in Sources */,
				4A7555FE240AC05F00620023 /* HSIACDModel.xcdatamodeld in Sources */,
				4ABC7ABE2408211B00972675 /* CustomTextField.swift in Sources */,
				4ABC7AA824080B0F00972675 /* HSIALabel.swift in Sources */,
				4ABC7AC4240889FD00972675 /* HSIALayerButtons.swift in Sources */,
				4ACFB9262409B91800092CFC /* MemberDetailTextFieldCell.swift in Sources */,
				4ABC7AB42408125600972675 /* HSIATextField.swift in Sources */,
				4ABC7AC22408764B00972675 /* HSIALayerTableViewAndTextField.swift in Sources */,
				4ABC7AC0240822E400972675 /* Sizing.swift in Sources */,
				4ACFB91624098BBA00092CFC /* HipoModel.swift in Sources */,
				4ACFB9222409B90300092CFC /* MembersCell.swift in Sources */,
				4A437AD0240804E200659F02 /* StringExtension.swift in Sources */,
				4ACFB9282409B91E00092CFC /* MemberDetailTableViewCell.swift in Sources */,
				4A437ACE240804D700659F02 /* HSIAColor.swift in Sources */,
				4A437AAC2407EDC200659F02 /* AppDelegate.swift in Sources */,
				4ABC7AB62408127600972675 /* HSIATableViewHeader.swift in Sources */,
				4ACFB91A2409953A00092CFC /* CustomAlertController.swift in Sources */,
				4A437ACB2408040400659F02 /* HSIAIcon.swift in Sources */,
				4ABC7AB02408123F00972675 /* HSIAButtonRectangle.swift in Sources */,
				4ACFB9242409B91100092CFC /* MemberDetailHeader.swift in Sources */,
			);
			runOnlyForDeploymentPostprocessing = 0;
		};
/* End PBXSourcesBuildPhase section */

/* Begin PBXVariantGroup section */
		4A437AB62407EDC600659F02 /* LaunchScreen.storyboard */ = {
			isa = PBXVariantGroup;
			children = (
				4A437AB72407EDC600659F02 /* Base */,
			);
			name = LaunchScreen.storyboard;
			sourceTree = "<group>";
		};
/* End PBXVariantGroup section */

/* Begin XCBuildConfiguration section */
		4A437ABA2407EDC600659F02 /* Debug */ = {
			isa = XCBuildConfiguration;
			buildSettings = {
				ALWAYS_SEARCH_USER_PATHS = NO;
				CLANG_ANALYZER_NONNULL = YES;
				CLANG_ANALYZER_NUMBER_OBJECT_CONVERSION = YES_AGGRESSIVE;
				CLANG_CXX_LANGUAGE_STANDARD = "gnu++14";
				CLANG_CXX_LIBRARY = "libc++";
				CLANG_ENABLE_MODULES = YES;
				CLANG_ENABLE_OBJC_ARC = YES;
				CLANG_ENABLE_OBJC_WEAK = YES;
				CLANG_WARN_BLOCK_CAPTURE_AUTORELEASING = YES;
				CLANG_WARN_BOOL_CONVERSION = YES;
				CLANG_WARN_COMMA = YES;
				CLANG_WARN_CONSTANT_CONVERSION = YES;
				CLANG_WARN_DEPRECATED_OBJC_IMPLEMENTATIONS = YES;
				CLANG_WARN_DIRECT_OBJC_ISA_USAGE = YES_ERROR;
				CLANG_WARN_DOCUMENTATION_COMMENTS = YES;
				CLANG_WARN_EMPTY_BODY = YES;
				CLANG_WARN_ENUM_CONVERSION = YES;
				CLANG_WARN_INFINITE_RECURSION = YES;
				CLANG_WARN_INT_CONVERSION = YES;
				CLANG_WARN_NON_LITERAL_NULL_CONVERSION = YES;
				CLANG_WARN_OBJC_IMPLICIT_RETAIN_SELF = YES;
				CLANG_WARN_OBJC_LITERAL_CONVERSION = YES;
				CLANG_WARN_OBJC_ROOT_CLASS = YES_ERROR;
				CLANG_WARN_RANGE_LOOP_ANALYSIS = YES;
				CLANG_WARN_STRICT_PROTOTYPES = YES;
				CLANG_WARN_SUSPICIOUS_MOVE = YES;
				CLANG_WARN_UNGUARDED_AVAILABILITY = YES_AGGRESSIVE;
				CLANG_WARN_UNREACHABLE_CODE = YES;
				CLANG_WARN__DUPLICATE_METHOD_MATCH = YES;
				COPY_PHASE_STRIP = NO;
				DEBUG_INFORMATION_FORMAT = dwarf;
				ENABLE_STRICT_OBJC_MSGSEND = YES;
				ENABLE_TESTABILITY = YES;
				GCC_C_LANGUAGE_STANDARD = gnu11;
				GCC_DYNAMIC_NO_PIC = NO;
				GCC_NO_COMMON_BLOCKS = YES;
				GCC_OPTIMIZATION_LEVEL = 0;
				GCC_PREPROCESSOR_DEFINITIONS = (
					"DEBUG=1",
					"$(inherited)",
				);
				GCC_WARN_64_TO_32_BIT_CONVERSION = YES;
				GCC_WARN_ABOUT_RETURN_TYPE = YES_ERROR;
				GCC_WARN_UNDECLARED_SELECTOR = YES;
				GCC_WARN_UNINITIALIZED_AUTOS = YES_AGGRESSIVE;
				GCC_WARN_UNUSED_FUNCTION = YES;
				GCC_WARN_UNUSED_VARIABLE = YES;
				IPHONEOS_DEPLOYMENT_TARGET = 13.2;
				MTL_ENABLE_DEBUG_INFO = INCLUDE_SOURCE;
				MTL_FAST_MATH = YES;
				ONLY_ACTIVE_ARCH = YES;
				SDKROOT = iphoneos;
				SWIFT_ACTIVE_COMPILATION_CONDITIONS = DEBUG;
				SWIFT_OPTIMIZATION_LEVEL = "-Onone";
			};
			name = Debug;
		};
		4A437ABB2407EDC600659F02 /* Release */ = {
			isa = XCBuildConfiguration;
			buildSettings = {
				ALWAYS_SEARCH_USER_PATHS = NO;
				CLANG_ANALYZER_NONNULL = YES;
				CLANG_ANALYZER_NUMBER_OBJECT_CONVERSION = YES_AGGRESSIVE;
				CLANG_CXX_LANGUAGE_STANDARD = "gnu++14";
				CLANG_CXX_LIBRARY = "libc++";
				CLANG_ENABLE_MODULES = YES;
				CLANG_ENABLE_OBJC_ARC = YES;
				CLANG_ENABLE_OBJC_WEAK = YES;
				CLANG_WARN_BLOCK_CAPTURE_AUTORELEASING = YES;
				CLANG_WARN_BOOL_CONVERSION = YES;
				CLANG_WARN_COMMA = YES;
				CLANG_WARN_CONSTANT_CONVERSION = YES;
				CLANG_WARN_DEPRECATED_OBJC_IMPLEMENTATIONS = YES;
				CLANG_WARN_DIRECT_OBJC_ISA_USAGE = YES_ERROR;
				CLANG_WARN_DOCUMENTATION_COMMENTS = YES;
				CLANG_WARN_EMPTY_BODY = YES;
				CLANG_WARN_ENUM_CONVERSION = YES;
				CLANG_WARN_INFINITE_RECURSION = YES;
				CLANG_WARN_INT_CONVERSION = YES;
				CLANG_WARN_NON_LITERAL_NULL_CONVERSION = YES;
				CLANG_WARN_OBJC_IMPLICIT_RETAIN_SELF = YES;
				CLANG_WARN_OBJC_LITERAL_CONVERSION = YES;
				CLANG_WARN_OBJC_ROOT_CLASS = YES_ERROR;
				CLANG_WARN_RANGE_LOOP_ANALYSIS = YES;
				CLANG_WARN_STRICT_PROTOTYPES = YES;
				CLANG_WARN_SUSPICIOUS_MOVE = YES;
				CLANG_WARN_UNGUARDED_AVAILABILITY = YES_AGGRESSIVE;
				CLANG_WARN_UNREACHABLE_CODE = YES;
				CLANG_WARN__DUPLICATE_METHOD_MATCH = YES;
				COPY_PHASE_STRIP = NO;
				DEBUG_INFORMATION_FORMAT = "dwarf-with-dsym";
				ENABLE_NS_ASSERTIONS = NO;
				ENABLE_STRICT_OBJC_MSGSEND = YES;
				GCC_C_LANGUAGE_STANDARD = gnu11;
				GCC_NO_COMMON_BLOCKS = YES;
				GCC_WARN_64_TO_32_BIT_CONVERSION = YES;
				GCC_WARN_ABOUT_RETURN_TYPE = YES_ERROR;
				GCC_WARN_UNDECLARED_SELECTOR = YES;
				GCC_WARN_UNINITIALIZED_AUTOS = YES_AGGRESSIVE;
				GCC_WARN_UNUSED_FUNCTION = YES;
				GCC_WARN_UNUSED_VARIABLE = YES;
				IPHONEOS_DEPLOYMENT_TARGET = 13.2;
				MTL_ENABLE_DEBUG_INFO = NO;
				MTL_FAST_MATH = YES;
				SDKROOT = iphoneos;
				SWIFT_COMPILATION_MODE = wholemodule;
				SWIFT_OPTIMIZATION_LEVEL = "-O";
				VALIDATE_PRODUCT = YES;
			};
			name = Release;
		};
		4A437ABD2407EDC600659F02 /* Debug */ = {
			isa = XCBuildConfiguration;
			buildSettings = {
				ASSETCATALOG_COMPILER_APPICON_NAME = AppIcon;
				CODE_SIGN_STYLE = Automatic;
				DEVELOPMENT_TEAM = 4K634X2CUP;
				INFOPLIST_FILE = HSIA/Info.plist;
				IPHONEOS_DEPLOYMENT_TARGET = 11.0;
				LD_RUNPATH_SEARCH_PATHS = (
					"$(inherited)",
					"@executable_path/Frameworks",
				);
				PRODUCT_BUNDLE_IDENTIFIER = com.sereisoglu.HSIA;
				PRODUCT_NAME = "$(TARGET_NAME)";
				SWIFT_VERSION = 5.0;
				TARGETED_DEVICE_FAMILY = 1;
			};
			name = Debug;
		};
		4A437ABE2407EDC600659F02 /* Release */ = {
			isa = XCBuildConfiguration;
			buildSettings = {
				ASSETCATALOG_COMPILER_APPICON_NAME = AppIcon;
				CODE_SIGN_STYLE = Automatic;
				DEVELOPMENT_TEAM = 4K634X2CUP;
				INFOPLIST_FILE = HSIA/Info.plist;
				IPHONEOS_DEPLOYMENT_TARGET = 11.0;
				LD_RUNPATH_SEARCH_PATHS = (
					"$(inherited)",
					"@executable_path/Frameworks",
				);
				PRODUCT_BUNDLE_IDENTIFIER = com.sereisoglu.HSIA;
				PRODUCT_NAME = "$(TARGET_NAME)";
				SWIFT_VERSION = 5.0;
				TARGETED_DEVICE_FAMILY = 1;
			};
			name = Release;
		};
/* End XCBuildConfiguration section */

/* Begin XCConfigurationList section */
		4A437AA32407EDC200659F02 /* Build configuration list for PBXProject "HSIA" */ = {
			isa = XCConfigurationList;
			buildConfigurations = (
				4A437ABA2407EDC600659F02 /* Debug */,
				4A437ABB2407EDC600659F02 /* Release */,
			);
			defaultConfigurationIsVisible = 0;
			defaultConfigurationName = Release;
		};
		4A437ABC2407EDC600659F02 /* Build configuration list for PBXNativeTarget "HSIA" */ = {
			isa = XCConfigurationList;
			buildConfigurations = (
				4A437ABD2407EDC600659F02 /* Debug */,
				4A437ABE2407EDC600659F02 /* Release */,
			);
			defaultConfigurationIsVisible = 0;
			defaultConfigurationName = Release;
		};
/* End XCConfigurationList section */

/* Begin XCRemoteSwiftPackageReference section */
		4A437ABF2407EF4F00659F02 /* XCRemoteSwiftPackageReference "LBTATools" */ = {
			isa = XCRemoteSwiftPackageReference;
			repositoryURL = "https://github.com/bhlvoong/LBTATools.git";
			requirement = {
				kind = upToNextMajorVersion;
				minimumVersion = 1.0.17;
			};
		};
		4A7555F7240AAF9200620023 /* XCRemoteSwiftPackageReference "DifferenceKit" */ = {
			isa = XCRemoteSwiftPackageReference;
			repositoryURL = "https://github.com/ra1028/DifferenceKit.git";
			requirement = {
				kind = upToNextMajorVersion;
				minimumVersion = 1.1.5;
			};
		};
/* End XCRemoteSwiftPackageReference section */

/* Begin XCSwiftPackageProductDependency section */
		4A437AC02407EF4F00659F02 /* LBTATools */ = {
			isa = XCSwiftPackageProductDependency;
			package = 4A437ABF2407EF4F00659F02 /* XCRemoteSwiftPackageReference "LBTATools" */;
			productName = LBTATools;
		};
		4A7555F8240AAF9200620023 /* DifferenceKit */ = {
			isa = XCSwiftPackageProductDependency;
			package = 4A7555F7240AAF9200620023 /* XCRemoteSwiftPackageReference "DifferenceKit" */;
			productName = DifferenceKit;
		};
/* End XCSwiftPackageProductDependency section */

/* Begin XCVersionGroup section */
		4A7555FC240AC05F00620023 /* HSIACDModel.xcdatamodeld */ = {
			isa = XCVersionGroup;
			children = (
				4A7555FD240AC05F00620023 /* HSIACDModel.xcdatamodel */,
			);
			currentVersion = 4A7555FD240AC05F00620023 /* HSIACDModel.xcdatamodel */;
			path = HSIACDModel.xcdatamodeld;
			sourceTree = "<group>";
			versionGroupType = wrapper.xcdatamodel;
		};
/* End XCVersionGroup section */
	};
	rootObject = 4A437AA02407EDC200659F02 /* Project object */;
}
